
Microsoft Visual Studio Solution File, Format Version 11.00
# Visual Studio 2010
Project("{FAE04EC0-301F-11D3-BF4B-00C04F79EFBC}") = "UnityEngine.UI", "UnityEngine.UI.csproj", "{bf0c1383-09d2-ff38-7ef3-c676c9d0888c}"
EndProject
Project("{FAE04EC0-301F-11D3-BF4B-00C04F79EFBC}") = "Unity.RenderPipelines.Core.Runtime", "Unity.RenderPipelines.Core.Runtime.csproj", "{359fb0e1-2922-622e-6819-5d0974c68e17}"
EndProject
Project("{FAE04EC0-301F-11D3-BF4B-00C04F79EFBC}") = "UnityEngine.TestRunner", "UnityEngine.TestRunner.csproj", "{4290509b-4332-3637-923a-e8f00baf875b}"
EndProject
Project("{FAE04EC0-301F-11D3-BF4B-00C04F79EFBC}") = "Unity.Mathematics", "Unity.Mathematics.csproj", "{73526a01-22d6-5207-b81a-b2626234a322}"
EndProject
Project("{FAE04EC0-301F-11D3-BF4B-00C04F79EFBC}") = "Unity.Timeline", "Unity.Timeline.csproj", "{93b72a35-83c3-da50-b2fb-4c2b07e8a676}"
EndProject
Project("{FAE04EC0-301F-11D3-BF4B-00C04F79EFBC}") = "Unity.RenderPipelines.Universal.Runtime", "Unity.RenderPipelines.Universal.Runtime.csproj", "{73987ba3-209a-dbe6-cb74-d42f97c177cf}"
EndProject
Project("{FAE04EC0-301F-11D3-BF4B-00C04F79EFBC}") = "Unity.TextMeshPro", "Unity.TextMeshPro.csproj", "{4a5f314d-60c1-ef69-4886-09c3014bfd68}"
EndProject
Project("{FAE04EC0-301F-11D3-BF4B-00C04F79EFBC}") = "Assembly-CSharp", "Assembly-CSharp.csproj", "{37139e95-25fa-9e16-cca3-d6c60973f5c8}"
EndProject
Project("{FAE04EC0-301F-11D3-BF4B-00C04F79EFBC}") = "Unity.RenderPipelines.Core.ShaderLibrary", "Unity.RenderPipelines.Core.ShaderLibrary.csproj", "{d6b3cd37-b7b4-9bf7-82b5-68a46fac2dd3}"
EndProject
Project("{FAE04EC0-301F-11D3-BF4B-00C04F79EFBC}") = "Unity.RenderPipelines.Universal.Shaders", "Unity.RenderPipelines.Universal.Shaders.csproj", "{f5f26539-f3f3-fc91-febf-cd499e21b9a1}"
EndProject
Project("{FAE04EC0-301F-11D3-BF4B-00C04F79EFBC}") = "Unity.RenderPipelines.ShaderGraph.ShaderGraphLibrary", "Unity.RenderPipelines.ShaderGraph.ShaderGraphLibrary.csproj", "{a7072833-8aeb-719d-dc34-a2e52eaf1a4f}"
EndProject
Project("{FAE04EC0-301F-11D3-BF4B-00C04F79EFBC}") = "Unity.RenderPipeline.Universal.ShaderLibrary", "Unity.RenderPipeline.Universal.ShaderLibrary.csproj", "{cc4141a2-52c9-1e6d-ef25-5311381c11fa}"
EndProject
Project("{FAE04EC0-301F-11D3-BF4B-00C04F79EFBC}") = "UnityEditor.TestRunner", "UnityEditor.TestRunner.csproj", "{eb860abd-e44e-c400-1988-20028536536b}"
EndProject
Project("{FAE04EC0-301F-11D3-BF4B-00C04F79EFBC}") = "Unity.ShaderGraph.Editor", "Unity.ShaderGraph.Editor.csproj", "{affdb081-d26a-458e-b600-e1e888739717}"
EndProject
Project("{FAE04EC0-301F-11D3-BF4B-00C04F79EFBC}") = "UnityEditor.UI", "UnityEditor.UI.csproj", "{086d7785-396b-7065-4480-f0424f7e6b0a}"
EndProject
Project("{FAE04EC0-301F-11D3-BF4B-00C04F79EFBC}") = "Unity.VisualStudio.Editor", "Unity.VisualStudio.Editor.csproj", "{a5c478ef-97da-b89b-9d92-065666040074}"
EndProject
Project("{FAE04EC0-301F-11D3-BF4B-00C04F79EFBC}") = "Unity.Timeline.Editor", "Unity.Timeline.Editor.csproj", "{9a69efac-43b0-cc68-4035-d434831ec576}"
EndProject
Project("{FAE04EC0-301F-11D3-BF4B-00C04F79EFBC}") = "Unity.TextMeshPro.Editor", "Unity.TextMeshPro.Editor.csproj", "{bacab537-fc98-aadc-5bea-c37af8a54337}"
EndProject
Project("{FAE04EC0-301F-11D3-BF4B-00C04F79EFBC}") = "Unity.RenderPipelines.Core.Editor", "Unity.RenderPipelines.Core.Editor.csproj", "{b82b8441-4c6b-46bf-0444-af11928e723f}"
EndProject
Project("{FAE04EC0-301F-11D3-BF4B-00C04F79EFBC}") = "Unity.CollabProxy.Editor", "Unity.CollabProxy.Editor.csproj", "{1f93eb9d-e628-33ce-e1d0-a6e726bf1c4f}"
EndProject
Project("{FAE04EC0-301F-11D3-BF4B-00C04F79EFBC}") = "Unity.ShaderGraph.Utilities", "Unity.ShaderGraph.Utilities.csproj", "{c83954f8-573b-23ee-b5db-db32bc465d10}"
EndProject
Project("{FAE04EC0-301F-11D3-BF4B-00C04F79EFBC}") = "Unity.RenderPipelines.Universal.Editor", "Unity.RenderPipelines.Universal.Editor.csproj", "{a3a0088d-e12f-dca5-d98c-4e8f7ce9435f}"
EndProject
Project("{FAE04EC0-301F-11D3-BF4B-00C04F79EFBC}") = "Unity.Rider.Editor", "Unity.Rider.Editor.csproj", "{3f46be1a-4d9a-f583-8fe4-bbcdc31037dd}"
EndProject
Project("{FAE04EC0-301F-11D3-BF4B-00C04F79EFBC}") = "Unity.Searcher.Editor", "Unity.Searcher.Editor.csproj", "{4ca81288-9ffb-37b0-46a2-4cbdc6624c7b}"
EndProject
Project("{FAE04EC0-301F-11D3-BF4B-00C04F79EFBC}") = "Unity.VSCode.Editor", "Unity.VSCode.Editor.csproj", "{d1442a60-c1a8-8167-556e-1827e69e44e9}"
EndProject
Project("{FAE04EC0-301F-11D3-BF4B-00C04F79EFBC}") = "Unity.Mathematics.Editor", "Unity.Mathematics.Editor.csproj", "{dc557a86-4e58-4484-90c5-7cbff6bc4bf7}"
EndProject
Project("{FAE04EC0-301F-11D3-BF4B-00C04F79EFBC}") = "Assembly-CSharp-Editor", "Assembly-CSharp-Editor.csproj", "{a274f945-3e1d-fc1e-40e8-1abe1b299bf1}"
EndProject
Project("{FAE04EC0-301F-11D3-BF4B-00C04F79EFBC}") = "UnityEngine.UI", "UnityEngine.UI.Player.csproj", "{8497ba17-f1af-401d-0f4b-dfaf02219616}"
EndProject
Project("{FAE04EC0-301F-11D3-BF4B-00C04F79EFBC}") = "Unity.RenderPipelines.Core.Runtime", "Unity.RenderPipelines.Core.Runtime.Player.csproj", "{92148397-0780-43d9-ae85-55228096af37}"
EndProject
Project("{FAE04EC0-301F-11D3-BF4B-00C04F79EFBC}") = "UnityEngine.TestRunner", "UnityEngine.TestRunner.Player.csproj", "{407f44fe-6a95-7ffa-7c8f-f91dbd34315e}"
EndProject
Project("{FAE04EC0-301F-11D3-BF4B-00C04F79EFBC}") = "Unity.Mathematics", "Unity.Mathematics.Player.csproj", "{0d17c1ac-782c-387e-ee96-3ba76bb1b27f}"
EndProject
Project("{FAE04EC0-301F-11D3-BF4B-00C04F79EFBC}") = "Unity.Timeline", "Unity.Timeline.Player.csproj", "{b6aeda4b-42ad-0fbf-19d7-5092b7112ac2}"
EndProject
Project("{FAE04EC0-301F-11D3-BF4B-00C04F79EFBC}") = "Unity.RenderPipelines.Universal.Runtime", "Unity.RenderPipelines.Universal.Runtime.Player.csproj", "{6444ec31-ea90-0780-048c-a92d2d2613f0}"
EndProject
Project("{FAE04EC0-301F-11D3-BF4B-00C04F79EFBC}") = "Unity.TextMeshPro", "Unity.TextMeshPro.Player.csproj", "{15ee25b2-b6ab-5985-8660-18d958150af1}"
EndProject
Project("{FAE04EC0-301F-11D3-BF4B-00C04F79EFBC}") = "Assembly-CSharp", "Assembly-CSharp.Player.csproj", "{5edf9362-9162-f687-8b78-a2cff638b78d}"
EndProject
Project("{FAE04EC0-301F-11D3-BF4B-00C04F79EFBC}") = "Unity.RenderPipelines.Core.ShaderLibrary", "Unity.RenderPipelines.Core.ShaderLibrary.Player.csproj", "{debe24af-ea75-57ea-6d2b-b5c1c4105c52}"
EndProject
Project("{FAE04EC0-301F-11D3-BF4B-00C04F79EFBC}") = "Unity.RenderPipelines.Universal.Shaders", "Unity.RenderPipelines.Universal.Shaders.Player.csproj", "{4d6855c0-ea79-18ca-e45e-c8475724e831}"
EndProject
Project("{FAE04EC0-301F-11D3-BF4B-00C04F79EFBC}") = "Unity.RenderPipelines.ShaderGraph.ShaderGraphLibrary", "Unity.RenderPipelines.ShaderGraph.ShaderGraphLibrary.Player.csproj", "{35edc617-526f-6e6b-8cd7-81e01b2ca6f8}"
EndProject
Project("{FAE04EC0-301F-11D3-BF4B-00C04F79EFBC}") = "Unity.RenderPipeline.Universal.ShaderLibrary", "Unity.RenderPipeline.Universal.ShaderLibrary.Player.csproj", "{650a5443-7b52-3138-91b1-50d5f451577a}"
EndProject
Global
	GlobalSection(SolutionConfigurationPlatforms) = preSolution
		Debug|Any CPU = Debug|Any CPU
		Release|Any CPU = Release|Any CPU
	EndGlobalSection
	GlobalSection(ProjectConfigurationPlatforms) = postSolution
		{bf0c1383-09d2-ff38-7ef3-c676c9d0888c}.Debug|Any CPU.ActiveCfg = Debug|Any CPU
		{bf0c1383-09d2-ff38-7ef3-c676c9d0888c}.Debug|Any CPU.Build.0 = Debug|Any CPU
		{bf0c1383-09d2-ff38-7ef3-c676c9d0888c}.Release|Any CPU.ActiveCfg = Release|Any CPU
		{bf0c1383-09d2-ff38-7ef3-c676c9d0888c}.Release|Any CPU.Build.0 = Release|Any CPU
		{359fb0e1-2922-622e-6819-5d0974c68e17}.Debug|Any CPU.ActiveCfg = Debug|Any CPU
		{359fb0e1-2922-622e-6819-5d0974c68e17}.Debug|Any CPU.Build.0 = Debug|Any CPU
		{359fb0e1-2922-622e-6819-5d0974c68e17}.Release|Any CPU.ActiveCfg = Release|Any CPU
		{359fb0e1-2922-622e-6819-5d0974c68e17}.Release|Any CPU.Build.0 = Release|Any CPU
		{4290509b-4332-3637-923a-e8f00baf875b}.Debug|Any CPU.ActiveCfg = Debug|Any CPU
		{4290509b-4332-3637-923a-e8f00baf875b}.Debug|Any CPU.Build.0 = Debug|Any CPU
		{4290509b-4332-3637-923a-e8f00baf875b}.Release|Any CPU.ActiveCfg = Release|Any CPU
		{4290509b-4332-3637-923a-e8f00baf875b}.Release|Any CPU.Build.0 = Release|Any CPU
		{73526a01-22d6-5207-b81a-b2626234a322}.Debug|Any CPU.ActiveCfg = Debug|Any CPU
		{73526a01-22d6-5207-b81a-b2626234a322}.Debug|Any CPU.Build.0 = Debug|Any CPU
		{73526a01-22d6-5207-b81a-b2626234a322}.Release|Any CPU.ActiveCfg = Release|Any CPU
		{73526a01-22d6-5207-b81a-b2626234a322}.Release|Any CPU.Build.0 = Release|Any CPU
		{93b72a35-83c3-da50-b2fb-4c2b07e8a676}.Debug|Any CPU.ActiveCfg = Debug|Any CPU
		{93b72a35-83c3-da50-b2fb-4c2b07e8a676}.Debug|Any CPU.Build.0 = Debug|Any CPU
		{93b72a35-83c3-da50-b2fb-4c2b07e8a676}.Release|Any CPU.ActiveCfg = Release|Any CPU
		{93b72a35-83c3-da50-b2fb-4c2b07e8a676}.Release|Any CPU.Build.0 = Release|Any CPU
		{73987ba3-209a-dbe6-cb74-d42f97c177cf}.Debug|Any CPU.ActiveCfg = Debug|Any CPU
		{73987ba3-209a-dbe6-cb74-d42f97c177cf}.Debug|Any CPU.Build.0 = Debug|Any CPU
		{73987ba3-209a-dbe6-cb74-d42f97c177cf}.Release|Any CPU.ActiveCfg = Release|Any CPU
		{73987ba3-209a-dbe6-cb74-d42f97c177cf}.Release|Any CPU.Build.0 = Release|Any CPU
		{4a5f314d-60c1-ef69-4886-09c3014bfd68}.Debug|Any CPU.ActiveCfg = Debug|Any CPU
		{4a5f314d-60c1-ef69-4886-09c3014bfd68}.Debug|Any CPU.Build.0 = Debug|Any CPU
		{4a5f314d-60c1-ef69-4886-09c3014bfd68}.Release|Any CPU.ActiveCfg = Release|Any CPU
		{4a5f314d-60c1-ef69-4886-09c3014bfd68}.Release|Any CPU.Build.0 = Release|Any CPU
		{37139e95-25fa-9e16-cca3-d6c60973f5c8}.Debug|Any CPU.ActiveCfg = Debug|Any CPU
		{37139e95-25fa-9e16-cca3-d6c60973f5c8}.Debug|Any CPU.Build.0 = Debug|Any CPU
		{37139e95-25fa-9e16-cca3-d6c60973f5c8}.Release|Any CPU.ActiveCfg = Release|Any CPU
		{37139e95-25fa-9e16-cca3-d6c60973f5c8}.Release|Any CPU.Build.0 = Release|Any CPU
		{d6b3cd37-b7b4-9bf7-82b5-68a46fac2dd3}.Debug|Any CPU.ActiveCfg = Debug|Any CPU
		{d6b3cd37-b7b4-9bf7-82b5-68a46fac2dd3}.Debug|Any CPU.Build.0 = Debug|Any CPU
		{d6b3cd37-b7b4-9bf7-82b5-68a46fac2dd3}.Release|Any CPU.ActiveCfg = Release|Any CPU
		{d6b3cd37-b7b4-9bf7-82b5-68a46fac2dd3}.Release|Any CPU.Build.0 = Release|Any CPU
		{f5f26539-f3f3-fc91-febf-cd499e21b9a1}.Debug|Any CPU.ActiveCfg = Debug|Any CPU
		{f5f26539-f3f3-fc91-febf-cd499e21b9a1}.Debug|Any CPU.Build.0 = Debug|Any CPU
		{f5f26539-f3f3-fc91-febf-cd499e21b9a1}.Release|Any CPU.ActiveCfg = Release|Any CPU
		{f5f26539-f3f3-fc91-febf-cd499e21b9a1}.Release|Any CPU.Build.0 = Release|Any CPU
		{a7072833-8aeb-719d-dc34-a2e52eaf1a4f}.Debug|Any CPU.ActiveCfg = Debug|Any CPU
		{a7072833-8aeb-719d-dc34-a2e52eaf1a4f}.Debug|Any CPU.Build.0 = Debug|Any CPU
		{a7072833-8aeb-719d-dc34-a2e52eaf1a4f}.Release|Any CPU.ActiveCfg = Release|Any CPU
		{a7072833-8aeb-719d-dc34-a2e52eaf1a4f}.Release|Any CPU.Build.0 = Release|Any CPU
		{cc4141a2-52c9-1e6d-ef25-5311381c11fa}.Debug|Any CPU.ActiveCfg = Debug|Any CPU
		{cc4141a2-52c9-1e6d-ef25-5311381c11fa}.Debug|Any CPU.Build.0 = Debug|Any CPU
		{cc4141a2-52c9-1e6d-ef25-5311381c11fa}.Release|Any CPU.ActiveCfg = Release|Any CPU
		{cc4141a2-52c9-1e6d-ef25-5311381c11fa}.Release|Any CPU.Build.0 = Release|Any CPU
		{eb860abd-e44e-c400-1988-20028536536b}.Debug|Any CPU.ActiveCfg = Debug|Any CPU
		{eb860abd-e44e-c400-1988-20028536536b}.Debug|Any CPU.Build.0 = Debug|Any CPU
		{eb860abd-e44e-c400-1988-20028536536b}.Release|Any CPU.ActiveCfg = Release|Any CPU
		{eb860abd-e44e-c400-1988-20028536536b}.Release|Any CPU.Build.0 = Release|Any CPU
		{affdb081-d26a-458e-b600-e1e888739717}.Debug|Any CPU.ActiveCfg = Debug|Any CPU
		{affdb081-d26a-458e-b600-e1e888739717}.Debug|Any CPU.Build.0 = Debug|Any CPU
		{affdb081-d26a-458e-b600-e1e888739717}.Release|Any CPU.ActiveCfg = Release|Any CPU
		{affdb081-d26a-458e-b600-e1e888739717}.Release|Any CPU.Build.0 = Release|Any CPU
		{086d7785-396b-7065-4480-f0424f7e6b0a}.Debug|Any CPU.ActiveCfg = Debug|Any CPU
		{086d7785-396b-7065-4480-f0424f7e6b0a}.Debug|Any CPU.Build.0 = Debug|Any CPU
		{086d7785-396b-7065-4480-f0424f7e6b0a}.Release|Any CPU.ActiveCfg = Release|Any CPU
		{086d7785-396b-7065-4480-f0424f7e6b0a}.Release|Any CPU.Build.0 = Release|Any CPU
		{a5c478ef-97da-b89b-9d92-065666040074}.Debug|Any CPU.ActiveCfg = Debug|Any CPU
		{a5c478ef-97da-b89b-9d92-065666040074}.Debug|Any CPU.Build.0 = Debug|Any CPU
		{a5c478ef-97da-b89b-9d92-065666040074}.Release|Any CPU.ActiveCfg = Release|Any CPU
		{a5c478ef-97da-b89b-9d92-065666040074}.Release|Any CPU.Build.0 = Release|Any CPU
		{9a69efac-43b0-cc68-4035-d434831ec576}.Debug|Any CPU.ActiveCfg = Debug|Any CPU
		{9a69efac-43b0-cc68-4035-d434831ec576}.Debug|Any CPU.Build.0 = Debug|Any CPU
		{9a69efac-43b0-cc68-4035-d434831ec576}.Release|Any CPU.ActiveCfg = Release|Any CPU
		{9a69efac-43b0-cc68-4035-d434831ec576}.Release|Any CPU.Build.0 = Release|Any CPU
		{bacab537-fc98-aadc-5bea-c37af8a54337}.Debug|Any CPU.ActiveCfg = Debug|Any CPU
		{bacab537-fc98-aadc-5bea-c37af8a54337}.Debug|Any CPU.Build.0 = Debug|Any CPU
		{bacab537-fc98-aadc-5bea-c37af8a54337}.Release|Any CPU.ActiveCfg = Release|Any CPU
		{bacab537-fc98-aadc-5bea-c37af8a54337}.Release|Any CPU.Build.0 = Release|Any CPU
		{b82b8441-4c6b-46bf-0444-af11928e723f}.Debug|Any CPU.ActiveCfg = Debug|Any CPU
		{b82b8441-4c6b-46bf-0444-af11928e723f}.Debug|Any CPU.Build.0 = Debug|Any CPU
		{b82b8441-4c6b-46bf-0444-af11928e723f}.Release|Any CPU.ActiveCfg = Release|Any CPU
		{b82b8441-4c6b-46bf-0444-af11928e723f}.Release|Any CPU.Build.0 = Release|Any CPU
		{1f93eb9d-e628-33ce-e1d0-a6e726bf1c4f}.Debug|Any CPU.ActiveCfg = Debug|Any CPU
		{1f93eb9d-e628-33ce-e1d0-a6e726bf1c4f}.Debug|Any CPU.Build.0 = Debug|Any CPU
		{1f93eb9d-e628-33ce-e1d0-a6e726bf1c4f}.Release|Any CPU.ActiveCfg = Release|Any CPU
		{1f93eb9d-e628-33ce-e1d0-a6e726bf1c4f}.Release|Any CPU.Build.0 = Release|Any CPU
		{c83954f8-573b-23ee-b5db-db32bc465d10}.Debug|Any CPU.ActiveCfg = Debug|Any CPU
		{c83954f8-573b-23ee-b5db-db32bc465d10}.Debug|Any CPU.Build.0 = Debug|Any CPU
		{c83954f8-573b-23ee-b5db-db32bc465d10}.Release|Any CPU.ActiveCfg = Release|Any CPU
		{c83954f8-573b-23ee-b5db-db32bc465d10}.Release|Any CPU.Build.0 = Release|Any CPU
		{a3a0088d-e12f-dca5-d98c-4e8f7ce9435f}.Debug|Any CPU.ActiveCfg = Debug|Any CPU
		{a3a0088d-e12f-dca5-d98c-4e8f7ce9435f}.Debug|Any CPU.Build.0 = Debug|Any CPU
		{a3a0088d-e12f-dca5-d98c-4e8f7ce9435f}.Release|Any CPU.ActiveCfg = Release|Any CPU
		{a3a0088d-e12f-dca5-d98c-4e8f7ce9435f}.Release|Any CPU.Build.0 = Release|Any CPU
		{3f46be1a-4d9a-f583-8fe4-bbcdc31037dd}.Debug|Any CPU.ActiveCfg = Debug|Any CPU
		{3f46be1a-4d9a-f583-8fe4-bbcdc31037dd}.Debug|Any CPU.Build.0 = Debug|Any CPU
		{3f46be1a-4d9a-f583-8fe4-bbcdc31037dd}.Release|Any CPU.ActiveCfg = Release|Any CPU
		{3f46be1a-4d9a-f583-8fe4-bbcdc31037dd}.Release|Any CPU.Build.0 = Release|Any CPU
		{4ca81288-9ffb-37b0-46a2-4cbdc6624c7b}.Debug|Any CPU.ActiveCfg = Debug|Any CPU
		{4ca81288-9ffb-37b0-46a2-4cbdc6624c7b}.Debug|Any CPU.Build.0 = Debug|Any CPU
		{4ca81288-9ffb-37b0-46a2-4cbdc6624c7b}.Release|Any CPU.ActiveCfg = Release|Any CPU
		{4ca81288-9ffb-37b0-46a2-4cbdc6624c7b}.Release|Any CPU.Build.0 = Release|Any CPU
		{d1442a60-c1a8-8167-556e-1827e69e44e9}.Debug|Any CPU.ActiveCfg = Debug|Any CPU
		{d1442a60-c1a8-8167-556e-1827e69e44e9}.Debug|Any CPU.Build.0 = Debug|Any CPU
		{d1442a60-c1a8-8167-556e-1827e69e44e9}.Release|Any CPU.ActiveCfg = Release|Any CPU
		{d1442a60-c1a8-8167-556e-1827e69e44e9}.Release|Any CPU.Build.0 = Release|Any CPU
		{dc557a86-4e58-4484-90c5-7cbff6bc4bf7}.Debug|Any CPU.ActiveCfg = Debug|Any CPU
		{dc557a86-4e58-4484-90c5-7cbff6bc4bf7}.Debug|Any CPU.Build.0 = Debug|Any CPU
		{dc557a86-4e58-4484-90c5-7cbff6bc4bf7}.Release|Any CPU.ActiveCfg = Release|Any CPU
		{dc557a86-4e58-4484-90c5-7cbff6bc4bf7}.Release|Any CPU.Build.0 = Release|Any CPU
		{a274f945-3e1d-fc1e-40e8-1abe1b299bf1}.Debug|Any CPU.ActiveCfg = Debug|Any CPU
		{a274f945-3e1d-fc1e-40e8-1abe1b299bf1}.Debug|Any CPU.Build.0 = Debug|Any CPU
		{a274f945-3e1d-fc1e-40e8-1abe1b299bf1}.Release|Any CPU.ActiveCfg = Release|Any CPU
		{a274f945-3e1d-fc1e-40e8-1abe1b299bf1}.Release|Any CPU.Build.0 = Release|Any CPU
		{8497ba17-f1af-401d-0f4b-dfaf02219616}.Debug|Any CPU.ActiveCfg = Debug|Any CPU
		{8497ba17-f1af-401d-0f4b-dfaf02219616}.Debug|Any CPU.Build.0 = Debug|Any CPU
		{8497ba17-f1af-401d-0f4b-dfaf02219616}.Release|Any CPU.ActiveCfg = Release|Any CPU
		{8497ba17-f1af-401d-0f4b-dfaf02219616}.Release|Any CPU.Build.0 = Release|Any CPU
		{92148397-0780-43d9-ae85-55228096af37}.Debug|Any CPU.ActiveCfg = Debug|Any CPU
		{92148397-0780-43d9-ae85-55228096af37}.Debug|Any CPU.Build.0 = Debug|Any CPU
		{92148397-0780-43d9-ae85-55228096af37}.Release|Any CPU.ActiveCfg = Release|Any CPU
		{92148397-0780-43d9-ae85-55228096af37}.Release|Any CPU.Build.0 = Release|Any CPU
		{407f44fe-6a95-7ffa-7c8f-f91dbd34315e}.Debug|Any CPU.ActiveCfg = Debug|Any CPU
		{407f44fe-6a95-7ffa-7c8f-f91dbd34315e}.Debug|Any CPU.Build.0 = Debug|Any CPU
		{407f44fe-6a95-7ffa-7c8f-f91dbd34315e}.Release|Any CPU.ActiveCfg = Release|Any CPU
		{407f44fe-6a95-7ffa-7c8f-f91dbd34315e}.Release|Any CPU.Build.0 = Release|Any CPU
		{0d17c1ac-782c-387e-ee96-3ba76bb1b27f}.Debug|Any CPU.ActiveCfg = Debug|Any CPU
		{0d17c1ac-782c-387e-ee96-3ba76bb1b27f}.Debug|Any CPU.Build.0 = Debug|Any CPU
		{0d17c1ac-782c-387e-ee96-3ba76bb1b27f}.Release|Any CPU.ActiveCfg = Release|Any CPU
		{0d17c1ac-782c-387e-ee96-3ba76bb1b27f}.Release|Any CPU.Build.0 = Release|Any CPU
		{b6aeda4b-42ad-0fbf-19d7-5092b7112ac2}.Debug|Any CPU.ActiveCfg = Debug|Any CPU
		{b6aeda4b-42ad-0fbf-19d7-5092b7112ac2}.Debug|Any CPU.Build.0 = Debug|Any CPU
		{b6aeda4b-42ad-0fbf-19d7-5092b7112ac2}.Release|Any CPU.ActiveCfg = Release|Any CPU
		{b6aeda4b-42ad-0fbf-19d7-5092b7112ac2}.Release|Any CPU.Build.0 = Release|Any CPU
		{6444ec31-ea90-0780-048c-a92d2d2613f0}.Debug|Any CPU.ActiveCfg = Debug|Any CPU
		{6444ec31-ea90-0780-048c-a92d2d2613f0}.Debug|Any CPU.Build.0 = Debug|Any CPU
		{6444ec31-ea90-0780-048c-a92d2d2613f0}.Release|Any CPU.ActiveCfg = Release|Any CPU
		{6444ec31-ea90-0780-048c-a92d2d2613f0}.Release|Any CPU.Build.0 = Release|Any CPU
		{15ee25b2-b6ab-5985-8660-18d958150af1}.Debug|Any CPU.ActiveCfg = Debug|Any CPU
		{15ee25b2-b6ab-5985-8660-18d958150af1}.Debug|Any CPU.Build.0 = Debug|Any CPU
		{15ee25b2-b6ab-5985-8660-18d958150af1}.Release|Any CPU.ActiveCfg = Release|Any CPU
		{15ee25b2-b6ab-5985-8660-18d958150af1}.Release|Any CPU.Build.0 = Release|Any CPU
		{5edf9362-9162-f687-8b78-a2cff638b78d}.Debug|Any CPU.ActiveCfg = Debug|Any CPU
		{5edf9362-9162-f687-8b78-a2cff638b78d}.Debug|Any CPU.Build.0 = Debug|Any CPU
		{5edf9362-9162-f687-8b78-a2cff638b78d}.Release|Any CPU.ActiveCfg = Release|Any CPU
		{5edf9362-9162-f687-8b78-a2cff638b78d}.Release|Any CPU.Build.0 = Release|Any CPU
		{debe24af-ea75-57ea-6d2b-b5c1c4105c52}.Debug|Any CPU.ActiveCfg = Debug|Any CPU
		{debe24af-ea75-57ea-6d2b-b5c1c4105c52}.Debug|Any CPU.Build.0 = Debug|Any CPU
		{debe24af-ea75-57ea-6d2b-b5c1c4105c52}.Release|Any CPU.ActiveCfg = Release|Any CPU
		{debe24af-ea75-57ea-6d2b-b5c1c4105c52}.Release|Any CPU.Build.0 = Release|Any CPU
		{4d6855c0-ea79-18ca-e45e-c8475724e831}.Debug|Any CPU.ActiveCfg = Debug|Any CPU
		{4d6855c0-ea79-18ca-e45e-c8475724e831}.Debug|Any CPU.Build.0 = Debug|Any CPU
		{4d6855c0-ea79-18ca-e45e-c8475724e831}.Release|Any CPU.ActiveCfg = Release|Any CPU
		{4d6855c0-ea79-18ca-e45e-c8475724e831}.Release|Any CPU.Build.0 = Release|Any CPU
		{35edc617-526f-6e6b-8cd7-81e01b2ca6f8}.Debug|Any CPU.ActiveCfg = Debug|Any CPU
		{35edc617-526f-6e6b-8cd7-81e01b2ca6f8}.Debug|Any CPU.Build.0 = Debug|Any CPU
		{35edc617-526f-6e6b-8cd7-81e01b2ca6f8}.Release|Any CPU.ActiveCfg = Release|Any CPU
		{35edc617-526f-6e6b-8cd7-81e01b2ca6f8}.Release|Any CPU.Build.0 = Release|Any CPU
		{650a5443-7b52-3138-91b1-50d5f451577a}.Debug|Any CPU.ActiveCfg = Debug|Any CPU
		{650a5443-7b52-3138-91b1-50d5f451577a}.Debug|Any CPU.Build.0 = Debug|Any CPU
		{650a5443-7b52-3138-91b1-50d5f451577a}.Release|Any CPU.ActiveCfg = Release|Any CPU
		{650a5443-7b52-3138-91b1-50d5f451577a}.Release|Any CPU.Build.0 = Release|Any CPU
	EndGlobalSection
	GlobalSection(SolutionProperties) = preSolution
		HideSolutionNode = FALSE
	EndGlobalSection
EndGlobal
