
Microsoft Visual Studio Solution File, Format Version 11.00
# Visual Studio 2010
Project("{FAE04EC0-301F-11D3-BF4B-00C04F79EFBC}") = "Assembly-CSharp", "Assembly-CSharp.csproj", "{959E1337-FA25-169E-CCA3-D6C60973F5C8}"
EndProject
Project("{FAE04EC0-301F-11D3-BF4B-00C04F79EFBC}") = "Assembly-CSharp-Editor", "Assembly-CSharp-Editor.csproj", "{45F974A2-1D3E-1EFC-40E8-1ABE1B299BF1}"
EndProject
Global
	GlobalSection(SolutionConfigurationPlatforms) = preSolution
		Debug|Any CPU = Debug|Any CPU
		Release|Any CPU = Release|Any CPU
	EndGlobalSection
	GlobalSection(ProjectConfigurationPlatforms) = postSolution
		{959E1337-FA25-169E-CCA3-D6C60973F5C8}.Debug|Any CPU.ActiveCfg = Debug|Any CPU
		{959E1337-FA25-169E-CCA3-D6C60973F5C8}.Debug|Any CPU.Build.0 = Debug|Any CPU
		{959E1337-FA25-169E-CCA3-D6C60973F5C8}.Release|Any CPU.ActiveCfg = Release|Any CPU
		{959E1337-FA25-169E-CCA3-D6C60973F5C8}.Release|Any CPU.Build.0 = Release|Any CPU
		{45F974A2-1D3E-1EFC-40E8-1ABE1B299BF1}.Debug|Any CPU.ActiveCfg = Debug|Any CPU
		{45F974A2-1D3E-1EFC-40E8-1ABE1B299BF1}.Debug|Any CPU.Build.0 = Debug|Any CPU
		{45F974A2-1D3E-1EFC-40E8-1ABE1B299BF1}.Release|Any CPU.ActiveCfg = Release|Any CPU
		{45F974A2-1D3E-1EFC-40E8-1ABE1B299BF1}.Release|Any CPU.Build.0 = Release|Any CPU
	EndGlobalSection
	GlobalSection(SolutionProperties) = preSolution
		HideSolutionNode = FALSE
	EndGlobalSection
EndGlobal
